# THIS IS AN AUTOGENERATED FILE. DO NOT EDIT THIS FILE DIRECTLY.
# yarn lockfile v1


turbo-darwin-64@2.3.4-canary.2:
  version "2.3.4-canary.2"
  resolved "https://registry.yarnpkg.com/turbo-darwin-64/-/turbo-darwin-64-2.3.4-canary.2.tgz#f87457cda3906374277a471501a833931c5b6578"
  integrity sha512-lYKCN/FBPn8pFvaEuOQ7ZCGRdF+umNbW2JG/oK2znwblW/CzTDqBe1oM8wErCSoTPpk/51envi1FpQ/3grykXQ==

turbo-darwin-arm64@2.3.4-canary.2:
  version "2.3.4-canary.2"
  resolved "https://registry.yarnpkg.com/turbo-darwin-arm64/-/turbo-darwin-arm64-2.3.4-canary.2.tgz#d6c6f44077f46beb044d00303588c266ccd1db20"
  integrity sha512-Up8+JD19AKnlhKRowQSoip3hKASP3So3Lcsn27jSVsJe50gFw7KUS3zDLRZU2i0n+IFUHzRobUaL02/3hkzTfg==

turbo-linux-64@2.3.4-canary.2:
  version "2.3.4-canary.2"
  resolved "https://registry.yarnpkg.com/turbo-linux-64/-/turbo-linux-64-2.3.4-canary.2.tgz#9f59e0fec1acb3ddb6fa2dc074e2641fe0cb76d7"
  integrity sha512-03k4ZFlMEERuPwaSEqEEebA20fE+RBtgYViDlqoFmb5jRT53sJWD0EycuWU5B4616cyC84NwoIAC2Y8P6UVf0A==

turbo-linux-arm64@2.3.4-canary.2:
  version "2.3.4-canary.2"
  resolved "https://registry.yarnpkg.com/turbo-linux-arm64/-/turbo-linux-arm64-2.3.4-canary.2.tgz#9038ba5518219aee31ca118679fb086bb5a16456"
  integrity sha512-814+Qy/kXiZPXPeTQ0uIRDPpXzPJ8d/+nmyswIxgXYHPoBoCnTANxcxcdaIeCztM7/Gb1GlGiuJdF0szPa9zVQ==

turbo-windows-64@2.3.4-canary.2:
  version "2.3.4-canary.2"
  resolved "https://registry.yarnpkg.com/turbo-windows-64/-/turbo-windows-64-2.3.4-canary.2.tgz#7f744dd92e42c07ff4f0959877372fd26e892e7c"
  integrity sha512-wzDm/Cxa+t1IkStJ2N2WOtKIX90pvZhNuLNZ6uyDi8z6FTrggYGoJ1RtAOR7vyo6zfT0UpACPTn78wTZ5PnIHA==

turbo-windows-arm64@2.3.4-canary.2:
  version "2.3.4-canary.2"
  resolved "https://registry.yarnpkg.com/turbo-windows-arm64/-/turbo-windows-arm64-2.3.4-canary.2.tgz#6bfcc5bd2cdb01a1676c459c905dd8551550761f"
  integrity sha512-zxrIKID8TRE71MTsPQacWRwMM52w9gGonSEvlZJRsVRtVnk8Ob5T77uV/Tbsxxh27Cbc9fYri6abyviHRfrIvw==

turbo@^2.3.4-canary.2:
  version "2.3.4-canary.2"
  resolved "https://registry.yarnpkg.com/turbo/-/turbo-2.3.4-canary.2.tgz#61dd44db4032c174c99a5ed0c9828ee5233bfaa3"
  integrity sha512-3A+2t3YI1RimFpqUgeWngSiki1Dz7JxozHFpBVI2GRQ2Jzl/RzcVAAGUf2aGWBIUk900ZsiDAlNk8Y+3BNUz0A==
  optionalDependencies:
    turbo-darwin-64 "2.3.4-canary.2"
    turbo-darwin-arm64 "2.3.4-canary.2"
    turbo-linux-64 "2.3.4-canary.2"
    turbo-linux-arm64 "2.3.4-canary.2"
    turbo-windows-64 "2.3.4-canary.2"
    turbo-windows-arm64 "2.3.4-canary.2"
